
Microsoft Visual Studio Solution File, Format Version 12.00
# Visual Studio Version 16
VisualStudioVersion = 16.0.31729.503
MinimumVisualStudioVersion = 10.0.40219.1
Project("{FAE04EC0-301F-11D3-BF4B-00C04F79EFBC}") = "Timed_Math_Quiz", "Timed Math Quiz\Timed_Math_Quiz.csproj", "{036748B9-CD7E-47E3-82FD-C9AB7691D33C}"
EndProject
Global
	GlobalSection(SolutionConfigurationPlatforms) = preSolution
		Debug|Any CPU = Debug|Any CPU
		Release|Any CPU = Release|Any CPU
	EndGlobalSection
	GlobalSection(ProjectConfigurationPlatforms) = postSolution
		{036748B9-CD7E-47E3-82FD-C9AB7691D33C}.Debug|Any CPU.ActiveCfg = Debug|Any CPU
		{036748B9-CD7E-47E3-82FD-C9AB7691D33C}.Debug|Any CPU.Build.0 = Debug|Any CPU
		{036748B9-CD7E-47E3-82FD-C9AB7691D33C}.Release|Any CPU.ActiveCfg = Release|Any CPU
		{036748B9-CD7E-47E3-82FD-C9AB7691D33C}.Release|Any CPU.Build.0 = Release|Any CPU
	EndGlobalSection
	GlobalSection(SolutionProperties) = preSolution
		HideSolutionNode = FALSE
	EndGlobalSection
	GlobalSection(ExtensibilityGlobals) = postSolution
		SolutionGuid = {4FF9DCDA-6718-44D4-A54E-F9F0F65C8779}
	EndGlobalSection
EndGlobal
